# Generated by pub
# See https://dart.dev/tools/pub/glossary#lockfile
packages:
  lints:
    dependency: "direct dev"
    description:
      name: lints
      sha256: a2c3d198cb5ea2e179926622d433331d8b58374ab8f29cdda6e863bd62fd369c
      url: "https://pub.dev"
    source: hosted
    version: "1.0.1"
  udp:
    dependency: "direct main"
    description:
      name: udp
      sha256: "50ea45d7ee80ad4c62de4ec0e8ed3ae65c36e9fe8cd0655a2bcd1503d2708e5a"
      url: "https://pub.dev"
    source: hosted
    version: "5.0.3"
sdks:
  dart: ">=2.16.1 <3.0.0"
